
Microsoft Visual Studio Solution File, Format Version 12.00
# Visual Studio Version 16
VisualStudioVersion = 16.0.32106.194
MinimumVisualStudioVersion = 10.0.40219.1
Project("{FAE04EC0-301F-11D3-BF4B-00C04F79EFBC}") = "WpfNaverMovieFinder", "WpfNaverMovieFinder\WpfNaverMovieFinder.csproj", "{0CC61AD9-8F96-465F-8419-21731E7EB334}"
EndProject
Global
	GlobalSection(SolutionConfigurationPlatforms) = preSolution
		Debug|Any CPU = Debug|Any CPU
		Release|Any CPU = Release|Any CPU
	EndGlobalSection
	GlobalSection(ProjectConfigurationPlatforms) = postSolution
		{0CC61AD9-8F96-465F-8419-21731E7EB334}.Debug|Any CPU.ActiveCfg = Debug|Any CPU
		{0CC61AD9-8F96-465F-8419-21731E7EB334}.Debug|Any CPU.Build.0 = Debug|Any CPU
		{0CC61AD9-8F96-465F-8419-21731E7EB334}.Release|Any CPU.ActiveCfg = Release|Any CPU
		{0CC61AD9-8F96-465F-8419-21731E7EB334}.Release|Any CPU.Build.0 = Release|Any CPU
	EndGlobalSection
	GlobalSection(SolutionProperties) = preSolution
		HideSolutionNode = FALSE
	EndGlobalSection
	GlobalSection(ExtensibilityGlobals) = postSolution
		SolutionGuid = {0F14C414-86F1-440C-B653-6C97CDCDE649}
	EndGlobalSection
EndGlobal
